// !$*UTF8*$!
{
	archiveVersion = 1;
	classes = {
	};
	objectVersion = 50;
	objects = {

/* Begin PBXBuildFile section */
		54006ED8231A9DF300889455 /* icons8-beer-recipe-120.png in Resources */ = {isa = PBXBuildFile; fileRef = 54006ED7231A9DF300889455 /* icons8-beer-recipe-120.png */; };
		54006EDA231AB26F00889455 /* JSONHelper.swift in Sources */ = {isa = PBXBuildFile; fileRef = 54006ED9231AB26F00889455 /* JSONHelper.swift */; };
		540D1DF2230F721F00BC6DF5 /* ABVCalculatorController.swift in Sources */ = {isa = PBXBuildFile; fileRef = 540D1DF1230F721F00BC6DF5 /* ABVCalculatorController.swift */; };
		540D1DF8230F7EA500BC6DF5 /* PrimingCalculatorController.swift in Sources */ = {isa = PBXBuildFile; fileRef = 540D1DF7230F7EA500BC6DF5 /* PrimingCalculatorController.swift */; };
		540D1DFA230F7F1100BC6DF5 /* IBUCalculatorController.swift in Sources */ = {isa = PBXBuildFile; fileRef = 540D1DF9230F7F1100BC6DF5 /* IBUCalculatorController.swift */; };
		540D1DFC230F7F5200BC6DF5 /* SRMCalculatorController.swift in Sources */ = {isa = PBXBuildFile; fileRef = 540D1DFB230F7F5200BC6DF5 /* SRMCalculatorController.swift */; };
		540D1DFE2310D53F00BC6DF5 /* HopAccessor.swift in Sources */ = {isa = PBXBuildFile; fileRef = 540D1DFD2310D53F00BC6DF5 /* HopAccessor.swift */; };
		54793B01230B753F006A90D0 /* AppDelegate.swift in Sources */ = {isa = PBXBuildFile; fileRef = 54793B00230B753F006A90D0 /* AppDelegate.swift */; };
		54793B08230B753F006A90D0 /* Main.storyboard in Resources */ = {isa = PBXBuildFile; fileRef = 54793B06230B753F006A90D0 /* Main.storyboard */; };
		54793B0A230B7540006A90D0 /* Assets.xcassets in Resources */ = {isa = PBXBuildFile; fileRef = 54793B09230B7540006A90D0 /* Assets.xcassets */; };
		54793B0D230B7540006A90D0 /* LaunchScreen.storyboard in Resources */ = {isa = PBXBuildFile; fileRef = 54793B0B230B7540006A90D0 /* LaunchScreen.storyboard */; };
		54793B16230B867F006A90D0 /* Recipe.storyboard in Resources */ = {isa = PBXBuildFile; fileRef = 54793B15230B867F006A90D0 /* Recipe.storyboard */; };
		54793B18230B868C006A90D0 /* Ingredients.storyboard in Resources */ = {isa = PBXBuildFile; fileRef = 54793B17230B868C006A90D0 /* Ingredients.storyboard */; };
		54793B1B230B86A3006A90D0 /* Calculator.storyboard in Resources */ = {isa = PBXBuildFile; fileRef = 54793B1A230B86A3006A90D0 /* Calculator.storyboard */; };
		54B1D8E3230CBEB1007C340B /* CalculatorController.swift in Sources */ = {isa = PBXBuildFile; fileRef = 54B1D8E2230CBEB1007C340B /* CalculatorController.swift */; };
/* End PBXBuildFile section */

/* Begin PBXFileReference section */
		54006ED7231A9DF300889455 /* icons8-beer-recipe-120.png */ = {isa = PBXFileReference; lastKnownFileType = image.png; name = "icons8-beer-recipe-120.png"; path = "Assets.xcassets/icons8-beer-recipe-100.imageset/icons8-beer-recipe-120.png"; sourceTree = "<group>"; };
		54006ED9231AB26F00889455 /* JSONHelper.swift */ = {isa = PBXFileReference; lastKnownFileType = sourcecode.swift; path = JSONHelper.swift; sourceTree = "<group>"; };
		540D1DF1230F721F00BC6DF5 /* ABVCalculatorController.swift */ = {isa = PBXFileReference; lastKnownFileType = sourcecode.swift; path = ABVCalculatorController.swift; sourceTree = "<group>"; };
		540D1DF7230F7EA500BC6DF5 /* PrimingCalculatorController.swift */ = {isa = PBXFileReference; lastKnownFileType = sourcecode.swift; path = PrimingCalculatorController.swift; sourceTree = "<group>"; };
		540D1DF9230F7F1100BC6DF5 /* IBUCalculatorController.swift */ = {isa = PBXFileReference; lastKnownFileType = sourcecode.swift; path = IBUCalculatorController.swift; sourceTree = "<group>"; };
		540D1DFB230F7F5200BC6DF5 /* SRMCalculatorController.swift */ = {isa = PBXFileReference; lastKnownFileType = sourcecode.swift; path = SRMCalculatorController.swift; sourceTree = "<group>"; };
		540D1DFD2310D53F00BC6DF5 /* HopAccessor.swift */ = {isa = PBXFileReference; lastKnownFileType = sourcecode.swift; path = HopAccessor.swift; sourceTree = "<group>"; };
		54793AFD230B753F006A90D0 /* HBApp.app */ = {isa = PBXFileReference; explicitFileType = wrapper.application; includeInIndex = 0; path = HBApp.app; sourceTree = BUILT_PRODUCTS_DIR; };
		54793B00230B753F006A90D0 /* AppDelegate.swift */ = {isa = PBXFileReference; lastKnownFileType = sourcecode.swift; path = AppDelegate.swift; sourceTree = "<group>"; };
		54793B07230B753F006A90D0 /* Base */ = {isa = PBXFileReference; lastKnownFileType = file.storyboard; name = Base; path = Base.lproj/Main.storyboard; sourceTree = "<group>"; };
		54793B09230B7540006A90D0 /* Assets.xcassets */ = {isa = PBXFileReference; lastKnownFileType = folder.assetcatalog; path = Assets.xcassets; sourceTree = "<group>"; };
		54793B0C230B7540006A90D0 /* Base */ = {isa = PBXFileReference; lastKnownFileType = file.storyboard; name = Base; path = Base.lproj/LaunchScreen.storyboard; sourceTree = "<group>"; };
		54793B0E230B7540006A90D0 /* Info.plist */ = {isa = PBXFileReference; lastKnownFileType = text.plist.xml; path = Info.plist; sourceTree = "<group>"; };
		54793B15230B867F006A90D0 /* Recipe.storyboard */ = {isa = PBXFileReference; lastKnownFileType = file.storyboard; path = Recipe.storyboard; sourceTree = "<group>"; };
		54793B17230B868C006A90D0 /* Ingredients.storyboard */ = {isa = PBXFileReference; lastKnownFileType = file.storyboard; path = Ingredients.storyboard; sourceTree = "<group>"; };
		54793B1A230B86A3006A90D0 /* Calculator.storyboard */ = {isa = PBXFileReference; lastKnownFileType = file.storyboard; path = Calculator.storyboard; sourceTree = "<group>"; };
		54B1D8E2230CBEB1007C340B /* CalculatorController.swift */ = {isa = PBXFileReference; lastKnownFileType = sourcecode.swift; path = CalculatorController.swift; sourceTree = "<group>"; };
/* End PBXFileReference section */

/* Begin PBXFrameworksBuildPhase section */
		54793AFA230B753F006A90D0 /* Frameworks */ = {
			isa = PBXFrameworksBuildPhase;
			buildActionMask = 2147483647;
			files = (
			);
			runOnlyForDeploymentPostprocessing = 0;
		};
/* End PBXFrameworksBuildPhase section */

/* Begin PBXGroup section */
		540D1DF3230F722C00BC6DF5 /* Calculators */ = {
			isa = PBXGroup;
			children = (
				54793B1A230B86A3006A90D0 /* Calculator.storyboard */,
				54B1D8E2230CBEB1007C340B /* CalculatorController.swift */,
				540D1DF1230F721F00BC6DF5 /* ABVCalculatorController.swift */,
				540D1DF7230F7EA500BC6DF5 /* PrimingCalculatorController.swift */,
				540D1DF9230F7F1100BC6DF5 /* IBUCalculatorController.swift */,
				540D1DFB230F7F5200BC6DF5 /* SRMCalculatorController.swift */,
			);
			path = Calculators;
			sourceTree = "<group>";
		};
		54793AF4230B753F006A90D0 = {
			isa = PBXGroup;
			children = (
				54793AFF230B753F006A90D0 /* HBApp */,
				54793AFE230B753F006A90D0 /* Products */,
			);
			sourceTree = "<group>";
		};
		54793AFE230B753F006A90D0 /* Products */ = {
			isa = PBXGroup;
			children = (
				54793AFD230B753F006A90D0 /* HBApp.app */,
			);
			name = Products;
			sourceTree = "<group>";
		};
		54793AFF230B753F006A90D0 /* HBApp */ = {
			isa = PBXGroup;
			children = (
				540D1DF3230F722C00BC6DF5 /* Calculators */,
				54793B14230B8650006A90D0 /* Storyboards */,
				54793B00230B753F006A90D0 /* AppDelegate.swift */,
				540D1DFD2310D53F00BC6DF5 /* HopAccessor.swift */,
				54793B09230B7540006A90D0 /* Assets.xcassets */,
				54793B0B230B7540006A90D0 /* LaunchScreen.storyboard */,
				54793B0E230B7540006A90D0 /* Info.plist */,
				54006ED7231A9DF300889455 /* icons8-beer-recipe-120.png */,
				54006ED9231AB26F00889455 /* JSONHelper.swift */,
			);
			path = HBApp;
			sourceTree = "<group>";
		};
		54793B14230B8650006A90D0 /* Storyboards */ = {
			isa = PBXGroup;
			children = (
				54793B06230B753F006A90D0 /* Main.storyboard */,
				54793B15230B867F006A90D0 /* Recipe.storyboard */,
				54793B17230B868C006A90D0 /* Ingredients.storyboard */,
			);
			path = Storyboards;
			sourceTree = "<group>";
		};
/* End PBXGroup section */

/* Begin PBXNativeTarget section */
		54793AFC230B753F006A90D0 /* HBApp */ = {
			isa = PBXNativeTarget;
			buildConfigurationList = 54793B11230B7540006A90D0 /* Build configuration list for PBXNativeTarget "HBApp" */;
			buildPhases = (
				54793AF9230B753F006A90D0 /* Sources */,
				54793AFA230B753F006A90D0 /* Frameworks */,
				54793AFB230B753F006A90D0 /* Resources */,
			);
			buildRules = (
			);
			dependencies = (
			);
			name = HBApp;
			productName = HBApp;
			productReference = 54793AFD230B753F006A90D0 /* HBApp.app */;
			productType = "com.apple.product-type.application";
		};
/* End PBXNativeTarget section */

/* Begin PBXProject section */
		54793AF5230B753F006A90D0 /* Project object */ = {
			isa = PBXProject;
			attributes = {
				LastSwiftUpdateCheck = 1030;
				LastUpgradeCheck = 1030;
				ORGANIZATIONNAME = "Nolan Bruce";
				TargetAttributes = {
					54793AFC230B753F006A90D0 = {
						CreatedOnToolsVersion = 10.3;
					};
				};
			};
			buildConfigurationList = 54793AF8230B753F006A90D0 /* Build configuration list for PBXProject "HBApp" */;
			compatibilityVersion = "Xcode 9.3";
			developmentRegion = en;
			hasScannedForEncodings = 0;
			knownRegions = (
				en,
				Base,
			);
			mainGroup = 54793AF4230B753F006A90D0;
			productRefGroup = 54793AFE230B753F006A90D0 /* Products */;
			projectDirPath = "";
			projectRoot = "";
			targets = (
				54793AFC230B753F006A90D0 /* HBApp */,
			);
		};
/* End PBXProject section */

/* Begin PBXResourcesBuildPhase section */
		54793AFB230B753F006A90D0 /* Resources */ = {
			isa = PBXResourcesBuildPhase;
			buildActionMask = 2147483647;
			files = (
				54006ED8231A9DF300889455 /* icons8-beer-recipe-120.png in Resources */,
				54793B16230B867F006A90D0 /* Recipe.storyboard in Resources */,
				54793B0D230B7540006A90D0 /* LaunchScreen.storyboard in Resources */,
				54793B0A230B7540006A90D0 /* Assets.xcassets in Resources */,
				54793B08230B753F006A90D0 /* Main.storyboard in Resources */,
				54793B1B230B86A3006A90D0 /* Calculator.storyboard in Resources */,
				54793B18230B868C006A90D0 /* Ingredients.storyboard in Resources */,
			);
			runOnlyForDeploymentPostprocessing = 0;
		};
/* End PBXResourcesBuildPhase section */

/* Begin PBXSourcesBuildPhase section */
		54793AF9230B753F006A90D0 /* Sources */ = {
			isa = PBXSourcesBuildPhase;
			buildActionMask = 2147483647;
			files = (
				540D1DFC230F7F5200BC6DF5 /* SRMCalculatorController.swift in Sources */,
				540D1DF8230F7EA500BC6DF5 /* PrimingCalculatorController.swift in Sources */,
				54B1D8E3230CBEB1007C340B /* CalculatorController.swift in Sources */,
				540D1DF2230F721F00BC6DF5 /* ABVCalculatorController.swift in Sources */,
				540D1DFA230F7F1100BC6DF5 /* IBUCalculatorController.swift in Sources */,
				54006EDA231AB26F00889455 /* JSONHelper.swift in Sources */,
				54793B01230B753F006A90D0 /* AppDelegate.swift in Sources */,
				540D1DFE2310D53F00BC6DF5 /* HopAccessor.swift in Sources */,
			);
			runOnlyForDeploymentPostprocessing = 0;
		};
/* End PBXSourcesBuildPhase section */

/* Begin PBXVariantGroup section */
		54793B06230B753F006A90D0 /* Main.storyboard */ = {
			isa = PBXVariantGroup;
			children = (
				54793B07230B753F006A90D0 /* Base */,
			);
			name = Main.storyboard;
			sourceTree = "<group>";
		};
		54793B0B230B7540006A90D0 /* LaunchScreen.storyboard */ = {
			isa = PBXVariantGroup;
			children = (
				54793B0C230B7540006A90D0 /* Base */,
			);
			name = LaunchScreen.storyboard;
			sourceTree = "<group>";
		};
/* End PBXVariantGroup section */

/* Begin XCBuildConfiguration section */
		54793B0F230B7540006A90D0 /* Debug */ = {
			isa = XCBuildConfiguration;
			buildSettings = {
				ALWAYS_SEARCH_USER_PATHS = NO;
				CLANG_ANALYZER_NONNULL = YES;
				CLANG_ANALYZER_NUMBER_OBJECT_CONVERSION = YES_AGGRESSIVE;
				CLANG_CXX_LANGUAGE_STANDARD = "gnu++14";
				CLANG_CXX_LIBRARY = "libc++";
				CLANG_ENABLE_MODULES = YES;
				CLANG_ENABLE_OBJC_ARC = YES;
				CLANG_ENABLE_OBJC_WEAK = YES;
				CLANG_WARN_BLOCK_CAPTURE_AUTORELEASING = YES;
				CLANG_WARN_BOOL_CONVERSION = YES;
				CLANG_WARN_COMMA = YES;
				CLANG_WARN_CONSTANT_CONVERSION = YES;
				CLANG_WARN_DEPRECATED_OBJC_IMPLEMENTATIONS = YES;
				CLANG_WARN_DIRECT_OBJC_ISA_USAGE = YES_ERROR;
				CLANG_WARN_DOCUMENTATION_COMMENTS = YES;
				CLANG_WARN_EMPTY_BODY = YES;
				CLANG_WARN_ENUM_CONVERSION = YES;
				CLANG_WARN_INFINITE_RECURSION = YES;
				CLANG_WARN_INT_CONVERSION = YES;
				CLANG_WARN_NON_LITERAL_NULL_CONVERSION = YES;
				CLANG_WARN_OBJC_IMPLICIT_RETAIN_SELF = YES;
				CLANG_WARN_OBJC_LITERAL_CONVERSION = YES;
				CLANG_WARN_OBJC_ROOT_CLASS = YES_ERROR;
				CLANG_WARN_RANGE_LOOP_ANALYSIS = YES;
				CLANG_WARN_STRICT_PROTOTYPES = YES;
				CLANG_WARN_SUSPICIOUS_MOVE = YES;
				CLANG_WARN_UNGUARDED_AVAILABILITY = YES_AGGRESSIVE;
				CLANG_WARN_UNREACHABLE_CODE = YES;
				CLANG_WARN__DUPLICATE_METHOD_MATCH = YES;
				CODE_SIGN_IDENTITY = "iPhone Developer";
				COPY_PHASE_STRIP = NO;
				DEBUG_INFORMATION_FORMAT = dwarf;
				ENABLE_STRICT_OBJC_MSGSEND = YES;
				ENABLE_TESTABILITY = YES;
				GCC_C_LANGUAGE_STANDARD = gnu11;
				GCC_DYNAMIC_NO_PIC = NO;
				GCC_NO_COMMON_BLOCKS = YES;
				GCC_OPTIMIZATION_LEVEL = 0;
				GCC_PREPROCESSOR_DEFINITIONS = (
					"DEBUG=1",
					"$(inherited)",
				);
				GCC_WARN_64_TO_32_BIT_CONVERSION = YES;
				GCC_WARN_ABOUT_RETURN_TYPE = YES_ERROR;
				GCC_WARN_UNDECLARED_SELECTOR = YES;
				GCC_WARN_UNINITIALIZED_AUTOS = YES_AGGRESSIVE;
				GCC_WARN_UNUSED_FUNCTION = YES;
				GCC_WARN_UNUSED_VARIABLE = YES;
				IPHONEOS_DEPLOYMENT_TARGET = 12.4;
				MTL_ENABLE_DEBUG_INFO = INCLUDE_SOURCE;
				MTL_FAST_MATH = YES;
				ONLY_ACTIVE_ARCH = YES;
				SDKROOT = iphoneos;
				SWIFT_ACTIVE_COMPILATION_CONDITIONS = DEBUG;
				SWIFT_OPTIMIZATION_LEVEL = "-Onone";
			};
			name = Debug;
		};
		54793B10230B7540006A90D0 /* Release */ = {
			isa = XCBuildConfiguration;
			buildSettings = {
				ALWAYS_SEARCH_USER_PATHS = NO;
				CLANG_ANALYZER_NONNULL = YES;
				CLANG_ANALYZER_NUMBER_OBJECT_CONVERSION = YES_AGGRESSIVE;
				CLANG_CXX_LANGUAGE_STANDARD = "gnu++14";
				CLANG_CXX_LIBRARY = "libc++";
				CLANG_ENABLE_MODULES = YES;
				CLANG_ENABLE_OBJC_ARC = YES;
				CLANG_ENABLE_OBJC_WEAK = YES;
				CLANG_WARN_BLOCK_CAPTURE_AUTORELEASING = YES;
				CLANG_WARN_BOOL_CONVERSION = YES;
				CLANG_WARN_COMMA = YES;
				CLANG_WARN_CONSTANT_CONVERSION = YES;
				CLANG_WARN_DEPRECATED_OBJC_IMPLEMENTATIONS = YES;
				CLANG_WARN_DIRECT_OBJC_ISA_USAGE = YES_ERROR;
				CLANG_WARN_DOCUMENTATION_COMMENTS = YES;
				CLANG_WARN_EMPTY_BODY = YES;
				CLANG_WARN_ENUM_CONVERSION = YES;
				CLANG_WARN_INFINITE_RECURSION = YES;
				CLANG_WARN_INT_CONVERSION = YES;
				CLANG_WARN_NON_LITERAL_NULL_CONVERSION = YES;
				CLANG_WARN_OBJC_IMPLICIT_RETAIN_SELF = YES;
				CLANG_WARN_OBJC_LITERAL_CONVERSION = YES;
				CLANG_WARN_OBJC_ROOT_CLASS = YES_ERROR;
				CLANG_WARN_RANGE_LOOP_ANALYSIS = YES;
				CLANG_WARN_STRICT_PROTOTYPES = YES;
				CLANG_WARN_SUSPICIOUS_MOVE = YES;
				CLANG_WARN_UNGUARDED_AVAILABILITY = YES_AGGRESSIVE;
				CLANG_WARN_UNREACHABLE_CODE = YES;
				CLANG_WARN__DUPLICATE_METHOD_MATCH = YES;
				CODE_SIGN_IDENTITY = "iPhone Developer";
				COPY_PHASE_STRIP = NO;
				DEBUG_INFORMATION_FORMAT = "dwarf-with-dsym";
				ENABLE_NS_ASSERTIONS = NO;
				ENABLE_STRICT_OBJC_MSGSEND = YES;
				GCC_C_LANGUAGE_STANDARD = gnu11;
				GCC_NO_COMMON_BLOCKS = YES;
				GCC_WARN_64_TO_32_BIT_CONVERSION = YES;
				GCC_WARN_ABOUT_RETURN_TYPE = YES_ERROR;
				GCC_WARN_UNDECLARED_SELECTOR = YES;
				GCC_WARN_UNINITIALIZED_AUTOS = YES_AGGRESSIVE;
				GCC_WARN_UNUSED_FUNCTION = YES;
				GCC_WARN_UNUSED_VARIABLE = YES;
				IPHONEOS_DEPLOYMENT_TARGET = 12.4;
				MTL_ENABLE_DEBUG_INFO = NO;
				MTL_FAST_MATH = YES;
				SDKROOT = iphoneos;
				SWIFT_COMPILATION_MODE = wholemodule;
				SWIFT_OPTIMIZATION_LEVEL = "-O";
				VALIDATE_PRODUCT = YES;
			};
			name = Release;
		};
		54793B12230B7540006A90D0 /* Debug */ = {
			isa = XCBuildConfiguration;
			buildSettings = {
				ASSETCATALOG_COMPILER_APPICON_NAME = AppIcon;
				CODE_SIGN_IDENTITY = "iPhone Developer";
				CODE_SIGN_STYLE = Automatic;
				DEVELOPMENT_TEAM = NL5QY6247C;
				INFOPLIST_FILE = HBApp/Info.plist;
				LD_RUNPATH_SEARCH_PATHS = (
					"$(inherited)",
					"@executable_path/Frameworks",
				);
				PRODUCT_BUNDLE_IDENTIFIER = NB.HBApp;
				PRODUCT_NAME = "$(TARGET_NAME)";
				PROVISIONING_PROFILE_SPECIFIER = "";
				SWIFT_VERSION = 5.0;
				TARGETED_DEVICE_FAMILY = "1,2";
			};
			name = Debug;
		};
		54793B13230B7540006A90D0 /* Release */ = {
			isa = XCBuildConfiguration;
			buildSettings = {
				ASSETCATALOG_COMPILER_APPICON_NAME = AppIcon;
				CODE_SIGN_IDENTITY = "iPhone Developer";
				CODE_SIGN_STYLE = Automatic;
				DEVELOPMENT_TEAM = NL5QY6247C;
				INFOPLIST_FILE = HBApp/Info.plist;
				LD_RUNPATH_SEARCH_PATHS = (
					"$(inherited)",
					"@executable_path/Frameworks",
				);
				PRODUCT_BUNDLE_IDENTIFIER = NB.HBApp;
				PRODUCT_NAME = "$(TARGET_NAME)";
				PROVISIONING_PROFILE_SPECIFIER = "";
				SWIFT_VERSION = 5.0;
				TARGETED_DEVICE_FAMILY = "1,2";
			};
			name = Release;
		};
/* End XCBuildConfiguration section */

/* Begin XCConfigurationList section */
		54793AF8230B753F006A90D0 /* Build configuration list for PBXProject "HBApp" */ = {
			isa = XCConfigurationList;
			buildConfigurations = (
				54793B0F230B7540006A90D0 /* Debug */,
				54793B10230B7540006A90D0 /* Release */,
			);
			defaultConfigurationIsVisible = 0;
			defaultConfigurationName = Release;
		};
		54793B11230B7540006A90D0 /* Build configuration list for PBXNativeTarget "HBApp" */ = {
			isa = XCConfigurationList;
			buildConfigurations = (
				54793B12230B7540006A90D0 /* Debug */,
				54793B13230B7540006A90D0 /* Release */,
			);
			defaultConfigurationIsVisible = 0;
			defaultConfigurationName = Release;
		};
/* End XCConfigurationList section */
	};
	rootObject = 54793AF5230B753F006A90D0 /* Project object */;
}
